
Microsoft Visual Studio Solution File, Format Version 12.00
# Visual Studio Version 17
VisualStudioVersion = 17.11.35222.181
MinimumVisualStudioVersion = 10.0.40219.1
Project("{FAE04EC0-301F-11D3-BF4B-00C04F79EFBC}") = "TourAPI", "TourAPI\TourAPI.csproj", "{D94A9B22-9C3E-49CE-95D0-8384425E5C60}"
EndProject
Global
	GlobalSection(SolutionConfigurationPlatforms) = preSolution
		Debug|Any CPU = Debug|Any CPU
		Release|Any CPU = Release|Any CPU
	EndGlobalSection
	GlobalSection(ProjectConfigurationPlatforms) = postSolution
		{D94A9B22-9C3E-49CE-95D0-8384425E5C60}.Debug|Any CPU.ActiveCfg = Debug|Any CPU
		{D94A9B22-9C3E-49CE-95D0-8384425E5C60}.Debug|Any CPU.Build.0 = Debug|Any CPU
		{D94A9B22-9C3E-49CE-95D0-8384425E5C60}.Release|Any CPU.ActiveCfg = Release|Any CPU
		{D94A9B22-9C3E-49CE-95D0-8384425E5C60}.Release|Any CPU.Build.0 = Release|Any CPU
	EndGlobalSection
	GlobalSection(SolutionProperties) = preSolution
		HideSolutionNode = FALSE
	EndGlobalSection
	GlobalSection(ExtensibilityGlobals) = postSolution
		SolutionGuid = {4F74D363-7845-4C3E-BDB8-AF8568D12CC6}
	EndGlobalSection
EndGlobal
